// !$*UTF8*$!
{
	archiveVersion = 1;
	classes = {
	};
	objectVersion = 46;
	objects = {

/* Begin PBXBuildFile section */
		A9AA8F051CE63E7B007A454E /* AppDelegate.swift in Sources */ = {isa = PBXBuildFile; fileRef = A9AA8F041CE63E7B007A454E /* AppDelegate.swift */; };
		A9AA8F071CE63E7B007A454E /* GameScene.sks in Resources */ = {isa = PBXBuildFile; fileRef = A9AA8F061CE63E7B007A454E /* GameScene.sks */; };
		A9AA8F091CE63E7B007A454E /* GameScene.swift in Sources */ = {isa = PBXBuildFile; fileRef = A9AA8F081CE63E7B007A454E /* GameScene.swift */; };
		A9AA8F0B1CE63E7B007A454E /* GameViewController.swift in Sources */ = {isa = PBXBuildFile; fileRef = A9AA8F0A1CE63E7B007A454E /* GameViewController.swift */; };
		A9AA8F0E1CE63E7B007A454E /* Main.storyboard in Resources */ = {isa = PBXBuildFile; fileRef = A9AA8F0C1CE63E7B007A454E /* Main.storyboard */; };
		A9AA8F101CE63E7B007A454E /* Assets.xcassets in Resources */ = {isa = PBXBuildFile; fileRef = A9AA8F0F1CE63E7B007A454E /* Assets.xcassets */; };
		A9AA8F131CE63E7B007A454E /* LaunchScreen.storyboard in Resources */ = {isa = PBXBuildFile; fileRef = A9AA8F111CE63E7B007A454E /* LaunchScreen.storyboard */; };
		A9AA8F1E1CE63E7B007A454E /* SpaceInvadersTests.swift in Sources */ = {isa = PBXBuildFile; fileRef = A9AA8F1D1CE63E7B007A454E /* SpaceInvadersTests.swift */; };
		A9AA8F291CE63E7B007A454E /* SpaceInvadersUITests.swift in Sources */ = {isa = PBXBuildFile; fileRef = A9AA8F281CE63E7B007A454E /* SpaceInvadersUITests.swift */; };
/* End PBXBuildFile section */

/* Begin PBXContainerItemProxy section */
		A9AA8F1A1CE63E7B007A454E /* PBXContainerItemProxy */ = {
			isa = PBXContainerItemProxy;
			containerPortal = A9AA8EF91CE63E7A007A454E /* Project object */;
			proxyType = 1;
			remoteGlobalIDString = A9AA8F001CE63E7B007A454E;
			remoteInfo = SpaceInvaders;
		};
		A9AA8F251CE63E7B007A454E /* PBXContainerItemProxy */ = {
			isa = PBXContainerItemProxy;
			containerPortal = A9AA8EF91CE63E7A007A454E /* Project object */;
			proxyType = 1;
			remoteGlobalIDString = A9AA8F001CE63E7B007A454E;
			remoteInfo = SpaceInvaders;
		};
/* End PBXContainerItemProxy section */

/* Begin PBXFileReference section */
		A9AA8F011CE63E7B007A454E /* SpaceInvaders.app */ = {isa = PBXFileReference; explicitFileType = wrapper.application; includeInIndex = 0; path = SpaceInvaders.app; sourceTree = BUILT_PRODUCTS_DIR; };
		A9AA8F041CE63E7B007A454E /* AppDelegate.swift */ = {isa = PBXFileReference; lastKnownFileType = sourcecode.swift; path = AppDelegate.swift; sourceTree = "<group>"; };
		A9AA8F061CE63E7B007A454E /* GameScene.sks */ = {isa = PBXFileReference; lastKnownFileType = file.sks; path = GameScene.sks; sourceTree = "<group>"; };
		A9AA8F081CE63E7B007A454E /* GameScene.swift */ = {isa = PBXFileReference; lastKnownFileType = sourcecode.swift; path = GameScene.swift; sourceTree = "<group>"; };
		A9AA8F0A1CE63E7B007A454E /* GameViewController.swift */ = {isa = PBXFileReference; lastKnownFileType = sourcecode.swift; path = GameViewController.swift; sourceTree = "<group>"; };
		A9AA8F0D1CE63E7B007A454E /* Base */ = {isa = PBXFileReference; lastKnownFileType = file.storyboard; name = Base; path = Base.lproj/Main.storyboard; sourceTree = "<group>"; };
		A9AA8F0F1CE63E7B007A454E /* Assets.xcassets */ = {isa = PBXFileReference; lastKnownFileType = folder.assetcatalog; path = Assets.xcassets; sourceTree = "<group>"; };
		A9AA8F121CE63E7B007A454E /* Base */ = {isa = PBXFileReference; lastKnownFileType = file.storyboard; name = Base; path = Base.lproj/LaunchScreen.storyboard; sourceTree = "<group>"; };
		A9AA8F141CE63E7B007A454E /* Info.plist */ = {isa = PBXFileReference; lastKnownFileType = text.plist.xml; path = Info.plist; sourceTree = "<group>"; };
		A9AA8F191CE63E7B007A454E /* SpaceInvadersTests.xctest */ = {isa = PBXFileReference; explicitFileType = wrapper.cfbundle; includeInIndex = 0; path = SpaceInvadersTests.xctest; sourceTree = BUILT_PRODUCTS_DIR; };
		A9AA8F1D1CE63E7B007A454E /* SpaceInvadersTests.swift */ = {isa = PBXFileReference; lastKnownFileType = sourcecode.swift; path = SpaceInvadersTests.swift; sourceTree = "<group>"; };
		A9AA8F1F1CE63E7B007A454E /* Info.plist */ = {isa = PBXFileReference; lastKnownFileType = text.plist.xml; path = Info.plist; sourceTree = "<group>"; };
		A9AA8F241CE63E7B007A454E /* SpaceInvadersUITests.xctest */ = {isa = PBXFileReference; explicitFileType = wrapper.cfbundle; includeInIndex = 0; path = SpaceInvadersUITests.xctest; sourceTree = BUILT_PRODUCTS_DIR; };
		A9AA8F281CE63E7B007A454E /* SpaceInvadersUITests.swift */ = {isa = PBXFileReference; lastKnownFileType = sourcecode.swift; path = SpaceInvadersUITests.swift; sourceTree = "<group>"; };
		A9AA8F2A1CE63E7B007A454E /* Info.plist */ = {isa = PBXFileReference; lastKnownFileType = text.plist.xml; path = Info.plist; sourceTree = "<group>"; };
/* End PBXFileReference section */

/* Begin PBXFrameworksBuildPhase section */
		A9AA8EFE1CE63E7B007A454E /* Frameworks */ = {
			isa = PBXFrameworksBuildPhase;
			buildActionMask = 2147483647;
			files = (
			);
			runOnlyForDeploymentPostprocessing = 0;
		};
		A9AA8F161CE63E7B007A454E /* Frameworks */ = {
			isa = PBXFrameworksBuildPhase;
			buildActionMask = 2147483647;
			files = (
			);
			runOnlyForDeploymentPostprocessing = 0;
		};
		A9AA8F211CE63E7B007A454E /* Frameworks */ = {
			isa = PBXFrameworksBuildPhase;
			buildActionMask = 2147483647;
			files = (
			);
			runOnlyForDeploymentPostprocessing = 0;
		};
/* End PBXFrameworksBuildPhase section */

/* Begin PBXGroup section */
		A9AA8EF81CE63E7A007A454E = {
			isa = PBXGroup;
			children = (
				A9AA8F031CE63E7B007A454E /* SpaceInvaders */,
				A9AA8F1C1CE63E7B007A454E /* SpaceInvadersTests */,
				A9AA8F271CE63E7B007A454E /* SpaceInvadersUITests */,
				A9AA8F021CE63E7B007A454E /* Products */,
			);
			sourceTree = "<group>";
		};
		A9AA8F021CE63E7B007A454E /* Products */ = {
			isa = PBXGroup;
			children = (
				A9AA8F011CE63E7B007A454E /* SpaceInvaders.app */,
				A9AA8F191CE63E7B007A454E /* SpaceInvadersTests.xctest */,
				A9AA8F241CE63E7B007A454E /* SpaceInvadersUITests.xctest */,
			);
			name = Products;
			sourceTree = "<group>";
		};
		A9AA8F031CE63E7B007A454E /* SpaceInvaders */ = {
			isa = PBXGroup;
			children = (
				A9AA8F041CE63E7B007A454E /* AppDelegate.swift */,
				A9AA8F061CE63E7B007A454E /* GameScene.sks */,
				A9AA8F081CE63E7B007A454E /* GameScene.swift */,
				A9AA8F0A1CE63E7B007A454E /* GameViewController.swift */,
				A9AA8F0C1CE63E7B007A454E /* Main.storyboard */,
				A9AA8F0F1CE63E7B007A454E /* Assets.xcassets */,
				A9AA8F111CE63E7B007A454E /* LaunchScreen.storyboard */,
				A9AA8F141CE63E7B007A454E /* Info.plist */,
			);
			path = SpaceInvaders;
			sourceTree = "<group>";
		};
		A9AA8F1C1CE63E7B007A454E /* SpaceInvadersTests */ = {
			isa = PBXGroup;
			children = (
				A9AA8F1D1CE63E7B007A454E /* SpaceInvadersTests.swift */,
				A9AA8F1F1CE63E7B007A454E /* Info.plist */,
			);
			path = SpaceInvadersTests;
			sourceTree = "<group>";
		};
		A9AA8F271CE63E7B007A454E /* SpaceInvadersUITests */ = {
			isa = PBXGroup;
			children = (
				A9AA8F281CE63E7B007A454E /* SpaceInvadersUITests.swift */,
				A9AA8F2A1CE63E7B007A454E /* Info.plist */,
			);
			path = SpaceInvadersUITests;
			sourceTree = "<group>";
		};
/* End PBXGroup section */

/* Begin PBXNativeTarget section */
		A9AA8F001CE63E7B007A454E /* SpaceInvaders */ = {
			isa = PBXNativeTarget;
			buildConfigurationList = A9AA8F2D1CE63E7B007A454E /* Build configuration list for PBXNativeTarget "SpaceInvaders" */;
			buildPhases = (
				A9AA8EFD1CE63E7B007A454E /* Sources */,
				A9AA8EFE1CE63E7B007A454E /* Frameworks */,
				A9AA8EFF1CE63E7B007A454E /* Resources */,
			);
			buildRules = (
			);
			dependencies = (
			);
			name = SpaceInvaders;
			productName = SpaceInvaders;
			productReference = A9AA8F011CE63E7B007A454E /* SpaceInvaders.app */;
			productType = "com.apple.product-type.application";
		};
		A9AA8F181CE63E7B007A454E /* SpaceInvadersTests */ = {
			isa = PBXNativeTarget;
			buildConfigurationList = A9AA8F301CE63E7B007A454E /* Build configuration list for PBXNativeTarget "SpaceInvadersTests" */;
			buildPhases = (
				A9AA8F151CE63E7B007A454E /* Sources */,
				A9AA8F161CE63E7B007A454E /* Frameworks */,
				A9AA8F171CE63E7B007A454E /* Resources */,
			);
			buildRules = (
			);
			dependencies = (
				A9AA8F1B1CE63E7B007A454E /* PBXTargetDependency */,
			);
			name = SpaceInvadersTests;
			productName = SpaceInvadersTests;
			productReference = A9AA8F191CE63E7B007A454E /* SpaceInvadersTests.xctest */;
			productType = "com.apple.product-type.bundle.unit-test";
		};
		A9AA8F231CE63E7B007A454E /* SpaceInvadersUITests */ = {
			isa = PBXNativeTarget;
			buildConfigurationList = A9AA8F331CE63E7B007A454E /* Build configuration list for PBXNativeTarget "SpaceInvadersUITests" */;
			buildPhases = (
				A9AA8F201CE63E7B007A454E /* Sources */,
				A9AA8F211CE63E7B007A454E /* Frameworks */,
				A9AA8F221CE63E7B007A454E /* Resources */,
			);
			buildRules = (
			);
			dependencies = (
				A9AA8F261CE63E7B007A454E /* PBXTargetDependency */,
			);
			name = SpaceInvadersUITests;
			productName = SpaceInvadersUITests;
			productReference = A9AA8F241CE63E7B007A454E /* SpaceInvadersUITests.xctest */;
			productType = "com.apple.product-type.bundle.ui-testing";
		};
/* End PBXNativeTarget section */

/* Begin PBXProject section */
		A9AA8EF91CE63E7A007A454E /* Project object */ = {
			isa = PBXProject;
			attributes = {
				LastSwiftUpdateCheck = 0730;
				LastUpgradeCheck = 0730;
				ORGANIZATIONNAME = "Marco De Lucchi";
				TargetAttributes = {
					A9AA8F001CE63E7B007A454E = {
						CreatedOnToolsVersion = 7.3.1;
					};
					A9AA8F181CE63E7B007A454E = {
						CreatedOnToolsVersion = 7.3.1;
						TestTargetID = A9AA8F001CE63E7B007A454E;
					};
					A9AA8F231CE63E7B007A454E = {
						CreatedOnToolsVersion = 7.3.1;
						TestTargetID = A9AA8F001CE63E7B007A454E;
					};
				};
			};
			buildConfigurationList = A9AA8EFC1CE63E7A007A454E /* Build configuration list for PBXProject "SpaceInvaders" */;
			compatibilityVersion = "Xcode 3.2";
			developmentRegion = English;
			hasScannedForEncodings = 0;
			knownRegions = (
				en,
				Base,
			);
			mainGroup = A9AA8EF81CE63E7A007A454E;
			productRefGroup = A9AA8F021CE63E7B007A454E /* Products */;
			projectDirPath = "";
			projectRoot = "";
			targets = (
				A9AA8F001CE63E7B007A454E /* SpaceInvaders */,
				A9AA8F181CE63E7B007A454E /* SpaceInvadersTests */,
				A9AA8F231CE63E7B007A454E /* SpaceInvadersUITests */,
			);
		};
/* End PBXProject section */

/* Begin PBXResourcesBuildPhase section */
		A9AA8EFF1CE63E7B007A454E /* Resources */ = {
			isa = PBXResourcesBuildPhase;
			buildActionMask = 2147483647;
			files = (
				A9AA8F071CE63E7B007A454E /* GameScene.sks in Resources */,
				A9AA8F131CE63E7B007A454E /* LaunchScreen.storyboard in Resources */,
				A9AA8F101CE63E7B007A454E /* Assets.xcassets in Resources */,
				A9AA8F0E1CE63E7B007A454E /* Main.storyboard in Resources */,
			);
			runOnlyForDeploymentPostprocessing = 0;
		};
		A9AA8F171CE63E7B007A454E /* Resources */ = {
			isa = PBXResourcesBuildPhase;
			buildActionMask = 2147483647;
			files = (
			);
			runOnlyForDeploymentPostprocessing = 0;
		};
		A9AA8F221CE63E7B007A454E /* Resources */ = {
			isa = PBXResourcesBuildPhase;
			buildActionMask = 2147483647;
			files = (
			);
			runOnlyForDeploymentPostprocessing = 0;
		};
/* End PBXResourcesBuildPhase section */

/* Begin PBXSourcesBuildPhase section */
		A9AA8EFD1CE63E7B007A454E /* Sources */ = {
			isa = PBXSourcesBuildPhase;
			buildActionMask = 2147483647;
			files = (
				A9AA8F091CE63E7B007A454E /* GameScene.swift in Sources */,
				A9AA8F0B1CE63E7B007A454E /* GameViewController.swift in Sources */,
				A9AA8F051CE63E7B007A454E /* AppDelegate.swift in Sources */,
			);
			runOnlyForDeploymentPostprocessing = 0;
		};
		A9AA8F151CE63E7B007A454E /* Sources */ = {
			isa = PBXSourcesBuildPhase;
			buildActionMask = 2147483647;
			files = (
				A9AA8F1E1CE63E7B007A454E /* SpaceInvadersTests.swift in Sources */,
			);
			runOnlyForDeploymentPostprocessing = 0;
		};
		A9AA8F201CE63E7B007A454E /* Sources */ = {
			isa = PBXSourcesBuildPhase;
			buildActionMask = 2147483647;
			files = (
				A9AA8F291CE63E7B007A454E /* SpaceInvadersUITests.swift in Sources */,
			);
			runOnlyForDeploymentPostprocessing = 0;
		};
/* End PBXSourcesBuildPhase section */

/* Begin PBXTargetDependency section */
		A9AA8F1B1CE63E7B007A454E /* PBXTargetDependency */ = {
			isa = PBXTargetDependency;
			target = A9AA8F001CE63E7B007A454E /* SpaceInvaders */;
			targetProxy = A9AA8F1A1CE63E7B007A454E /* PBXContainerItemProxy */;
		};
		A9AA8F261CE63E7B007A454E /* PBXTargetDependency */ = {
			isa = PBXTargetDependency;
			target = A9AA8F001CE63E7B007A454E /* SpaceInvaders */;
			targetProxy = A9AA8F251CE63E7B007A454E /* PBXContainerItemProxy */;
		};
/* End PBXTargetDependency section */

/* Begin PBXVariantGroup section */
		A9AA8F0C1CE63E7B007A454E /* Main.storyboard */ = {
			isa = PBXVariantGroup;
			children = (
				A9AA8F0D1CE63E7B007A454E /* Base */,
			);
			name = Main.storyboard;
			sourceTree = "<group>";
		};
		A9AA8F111CE63E7B007A454E /* LaunchScreen.storyboard */ = {
			isa = PBXVariantGroup;
			children = (
				A9AA8F121CE63E7B007A454E /* Base */,
			);
			name = LaunchScreen.storyboard;
			sourceTree = "<group>";
		};
/* End PBXVariantGroup section */

/* Begin XCBuildConfiguration section */
		A9AA8F2B1CE63E7B007A454E /* Debug */ = {
			isa = XCBuildConfiguration;
			buildSettings = {
				ALWAYS_SEARCH_USER_PATHS = NO;
				CLANG_ANALYZER_NONNULL = YES;
				CLANG_CXX_LANGUAGE_STANDARD = "gnu++0x";
				CLANG_CXX_LIBRARY = "libc++";
				CLANG_ENABLE_MODULES = YES;
				CLANG_ENABLE_OBJC_ARC = YES;
				CLANG_WARN_BOOL_CONVERSION = YES;
				CLANG_WARN_CONSTANT_CONVERSION = YES;
				CLANG_WARN_DIRECT_OBJC_ISA_USAGE = YES_ERROR;
				CLANG_WARN_EMPTY_BODY = YES;
				CLANG_WARN_ENUM_CONVERSION = YES;
				CLANG_WARN_INT_CONVERSION = YES;
				CLANG_WARN_OBJC_ROOT_CLASS = YES_ERROR;
				CLANG_WARN_UNREACHABLE_CODE = YES;
				CLANG_WARN__DUPLICATE_METHOD_MATCH = YES;
				"CODE_SIGN_IDENTITY[sdk=iphoneos*]" = "iPhone Developer";
				COPY_PHASE_STRIP = NO;
				DEBUG_INFORMATION_FORMAT = "dwarf-with-dsym";
				ENABLE_STRICT_OBJC_MSGSEND = YES;
				ENABLE_TESTABILITY = YES;
				GCC_C_LANGUAGE_STANDARD = gnu99;
				GCC_DYNAMIC_NO_PIC = NO;
				GCC_NO_COMMON_BLOCKS = YES;
				GCC_OPTIMIZATION_LEVEL = 0;
				GCC_PREPROCESSOR_DEFINITIONS = (
					"DEBUG=1",
					"$(inherited)",
				);
				GCC_WARN_64_TO_32_BIT_CONVERSION = YES;
				GCC_WARN_ABOUT_RETURN_TYPE = YES_ERROR;
				GCC_WARN_UNDECLARED_SELECTOR = YES;
				GCC_WARN_UNINITIALIZED_AUTOS = YES_AGGRESSIVE;
				GCC_WARN_UNUSED_FUNCTION = YES;
				GCC_WARN_UNUSED_VARIABLE = YES;
				IPHONEOS_DEPLOYMENT_TARGET = 9.3;
				MTL_ENABLE_DEBUG_INFO = YES;
				ONLY_ACTIVE_ARCH = YES;
				SDKROOT = iphoneos;
				SWIFT_OPTIMIZATION_LEVEL = "-Onone";
			};
			name = Debug;
		};
		A9AA8F2C1CE63E7B007A454E /* Release */ = {
			isa = XCBuildConfiguration;
			buildSettings = {
				ALWAYS_SEARCH_USER_PATHS = NO;
				CLANG_ANALYZER_NONNULL = YES;
				CLANG_CXX_LANGUAGE_STANDARD = "gnu++0x";
				CLANG_CXX_LIBRARY = "libc++";
				CLANG_ENABLE_MODULES = YES;
				CLANG_ENABLE_OBJC_ARC = YES;
				CLANG_WARN_BOOL_CONVERSION = YES;
				CLANG_WARN_CONSTANT_CONVERSION = YES;
				CLANG_WARN_DIRECT_OBJC_ISA_USAGE = YES_ERROR;
				CLANG_WARN_EMPTY_BODY = YES;
				CLANG_WARN_ENUM_CONVERSION = YES;
				CLANG_WARN_INT_CONVERSION = YES;
				CLANG_WARN_OBJC_ROOT_CLASS = YES_ERROR;
				CLANG_WARN_UNREACHABLE_CODE = YES;
				CLANG_WARN__DUPLICATE_METHOD_MATCH = YES;
				"CODE_SIGN_IDENTITY[sdk=iphoneos*]" = "iPhone Developer";
				COPY_PHASE_STRIP = NO;
				DEBUG_INFORMATION_FORMAT = "dwarf-with-dsym";
				ENABLE_NS_ASSERTIONS = NO;
				ENABLE_STRICT_OBJC_MSGSEND = YES;
				GCC_C_LANGUAGE_STANDARD = gnu99;
				GCC_NO_COMMON_BLOCKS = YES;
				GCC_WARN_64_TO_32_BIT_CONVERSION = YES;
				GCC_WARN_ABOUT_RETURN_TYPE = YES_ERROR;
				GCC_WARN_UNDECLARED_SELECTOR = YES;
				GCC_WARN_UNINITIALIZED_AUTOS = YES_AGGRESSIVE;
				GCC_WARN_UNUSED_FUNCTION = YES;
				GCC_WARN_UNUSED_VARIABLE = YES;
				IPHONEOS_DEPLOYMENT_TARGET = 9.3;
				MTL_ENABLE_DEBUG_INFO = NO;
				SDKROOT = iphoneos;
				VALIDATE_PRODUCT = YES;
			};
			name = Release;
		};
		A9AA8F2E1CE63E7B007A454E /* Debug */ = {
			isa = XCBuildConfiguration;
			buildSettings = {
				ASSETCATALOG_COMPILER_APPICON_NAME = AppIcon;
				INFOPLIST_FILE = SpaceInvaders/Info.plist;
				LD_RUNPATH_SEARCH_PATHS = "$(inherited) @executable_path/Frameworks";
				PRODUCT_BUNDLE_IDENTIFIER = delugames.SpaceInvaders;
				PRODUCT_NAME = "$(TARGET_NAME)";
			};
			name = Debug;
		};
		A9AA8F2F1CE63E7B007A454E /* Release */ = {
			isa = XCBuildConfiguration;
			buildSettings = {
				ASSETCATALOG_COMPILER_APPICON_NAME = AppIcon;
				INFOPLIST_FILE = SpaceInvaders/Info.plist;
				LD_RUNPATH_SEARCH_PATHS = "$(inherited) @executable_path/Frameworks";
				PRODUCT_BUNDLE_IDENTIFIER = delugames.SpaceInvaders;
				PRODUCT_NAME = "$(TARGET_NAME)";
			};
			name = Release;
		};
		A9AA8F311CE63E7B007A454E /* Debug */ = {
			isa = XCBuildConfiguration;
			buildSettings = {
				BUNDLE_LOADER = "$(TEST_HOST)";
				DEBUG_INFORMATION_FORMAT = dwarf;
				INFOPLIST_FILE = SpaceInvadersTests/Info.plist;
				LD_RUNPATH_SEARCH_PATHS = "$(inherited) @executable_path/Frameworks @loader_path/Frameworks";
				PRODUCT_BUNDLE_IDENTIFIER = delugames.SpaceInvadersTests;
				PRODUCT_NAME = "$(TARGET_NAME)";
				TEST_HOST = "$(BUILT_PRODUCTS_DIR)/SpaceInvaders.app/SpaceInvaders";
			};
			name = Debug;
		};
		A9AA8F321CE63E7B007A454E /* Release */ = {
			isa = XCBuildConfiguration;
			buildSettings = {
				BUNDLE_LOADER = "$(TEST_HOST)";
				INFOPLIST_FILE = SpaceInvadersTests/Info.plist;
				LD_RUNPATH_SEARCH_PATHS = "$(inherited) @executable_path/Frameworks @loader_path/Frameworks";
				PRODUCT_BUNDLE_IDENTIFIER = delugames.SpaceInvadersTests;
				PRODUCT_NAME = "$(TARGET_NAME)";
				TEST_HOST = "$(BUILT_PRODUCTS_DIR)/SpaceInvaders.app/SpaceInvaders";
			};
			name = Release;
		};
		A9AA8F341CE63E7B007A454E /* Debug */ = {
			isa = XCBuildConfiguration;
			buildSettings = {
				DEBUG_INFORMATION_FORMAT = dwarf;
				INFOPLIST_FILE = SpaceInvadersUITests/Info.plist;
				LD_RUNPATH_SEARCH_PATHS = "$(inherited) @executable_path/Frameworks @loader_path/Frameworks";
				PRODUCT_BUNDLE_IDENTIFIER = delugames.SpaceInvadersUITests;
				PRODUCT_NAME = "$(TARGET_NAME)";
				TEST_TARGET_NAME = SpaceInvaders;
			};
			name = Debug;
		};
		A9AA8F351CE63E7B007A454E /* Release */ = {
			isa = XCBuildConfiguration;
			buildSettings = {
				INFOPLIST_FILE = SpaceInvadersUITests/Info.plist;
				LD_RUNPATH_SEARCH_PATHS = "$(inherited) @executable_path/Frameworks @loader_path/Frameworks";
				PRODUCT_BUNDLE_IDENTIFIER = delugames.SpaceInvadersUITests;
				PRODUCT_NAME = "$(TARGET_NAME)";
				TEST_TARGET_NAME = SpaceInvaders;
			};
			name = Release;
		};
/* End XCBuildConfiguration section */

/* Begin XCConfigurationList section */
		A9AA8EFC1CE63E7A007A454E /* Build configuration list for PBXProject "SpaceInvaders" */ = {
			isa = XCConfigurationList;
			buildConfigurations = (
				A9AA8F2B1CE63E7B007A454E /* Debug */,
				A9AA8F2C1CE63E7B007A454E /* Release */,
			);
			defaultConfigurationIsVisible = 0;
			defaultConfigurationName = Release;
		};
		A9AA8F2D1CE63E7B007A454E /* Build configuration list for PBXNativeTarget "SpaceInvaders" */ = {
			isa = XCConfigurationList;
			buildConfigurations = (
				A9AA8F2E1CE63E7B007A454E /* Debug */,
				A9AA8F2F1CE63E7B007A454E /* Release */,
			);
			defaultConfigurationIsVisible = 0;
		};
		A9AA8F301CE63E7B007A454E /* Build configuration list for PBXNativeTarget "SpaceInvadersTests" */ = {
			isa = XCConfigurationList;
			buildConfigurations = (
				A9AA8F311CE63E7B007A454E /* Debug */,
				A9AA8F321CE63E7B007A454E /* Release */,
			);
			defaultConfigurationIsVisible = 0;
		};
		A9AA8F331CE63E7B007A454E /* Build configuration list for PBXNativeTarget "SpaceInvadersUITests" */ = {
			isa = XCConfigurationList;
			buildConfigurations = (
				A9AA8F341CE63E7B007A454E /* Debug */,
				A9AA8F351CE63E7B007A454E /* Release */,
			);
			defaultConfigurationIsVisible = 0;
		};
/* End XCConfigurationList section */
	};
	rootObject = A9AA8EF91CE63E7A007A454E /* Project object */;
}
